// !$*UTF8*$!
{
	archiveVersion = 1;
	classes = {
	};
	objectVersion = 56;
	objects = {

/* Begin PBXBuildFile section */
		8BCE296D2BCB15E6007DDE0D /* BaseViewController.swift in Sources */ = {isa = PBXBuildFile; fileRef = 8BCE296C2BCB15E6007DDE0D /* BaseViewController.swift */; };
		8BCE29712BCB1729007DDE0D /* FlowCoordinator.swift in Sources */ = {isa = PBXBuildFile; fileRef = 8BCE29702BCB1729007DDE0D /* FlowCoordinator.swift */; };
		8BCE29742BCBB9C3007DDE0D /* UIView+Keyboard.swift in Sources */ = {isa = PBXBuildFile; fileRef = 8BCE29732BCBB9C3007DDE0D /* UIView+Keyboard.swift */; };
		8BCE29792BCBBBB6007DDE0D /* MainAssembly.swift in Sources */ = {isa = PBXBuildFile; fileRef = 8BCE29782BCBBBB6007DDE0D /* MainAssembly.swift */; };
		8BCE297B2BCBBBC2007DDE0D /* MainPresenter.swift in Sources */ = {isa = PBXBuildFile; fileRef = 8BCE297A2BCBBBC2007DDE0D /* MainPresenter.swift */; };
		8BCE297D2BCBBBCF007DDE0D /* MainRouter.swift in Sources */ = {isa = PBXBuildFile; fileRef = 8BCE297C2BCBBBCF007DDE0D /* MainRouter.swift */; };
		8BCE297F2BCBBBEB007DDE0D /* MainViewController.swift in Sources */ = {isa = PBXBuildFile; fileRef = 8BCE297E2BCBBBEB007DDE0D /* MainViewController.swift */; };
		8BCE29812BCBBC2C007DDE0D /* MainViewModel.swift in Sources */ = {isa = PBXBuildFile; fileRef = 8BCE29802BCBBC2C007DDE0D /* MainViewModel.swift */; };
		8BCE29832BCBBC3D007DDE0D /* MainViewModelFactory.swift in Sources */ = {isa = PBXBuildFile; fileRef = 8BCE29822BCBBC3D007DDE0D /* MainViewModelFactory.swift */; };
		8BCE29892BCBDB0D007DDE0D /* Request.swift in Sources */ = {isa = PBXBuildFile; fileRef = 8BCE29882BCBDB0D007DDE0D /* Request.swift */; };
		8BCE298B2BCBDB41007DDE0D /* HTTPMethod.swift in Sources */ = {isa = PBXBuildFile; fileRef = 8BCE298A2BCBDB41007DDE0D /* HTTPMethod.swift */; };
		8BCE298D2BCBDC3D007DDE0D /* ExchangeRate.swift in Sources */ = {isa = PBXBuildFile; fileRef = 8BCE298C2BCBDC3D007DDE0D /* ExchangeRate.swift */; };
		8BCE298F2BCBDCC6007DDE0D /* Parser.swift in Sources */ = {isa = PBXBuildFile; fileRef = 8BCE298E2BCBDCC6007DDE0D /* Parser.swift */; };
		8BCE29912BCBDCF0007DDE0D /* JSONDecoder.swift in Sources */ = {isa = PBXBuildFile; fileRef = 8BCE29902BCBDCF0007DDE0D /* JSONDecoder.swift */; };
		8BCE29932BCBDD33007DDE0D /* NetworkError.swift in Sources */ = {isa = PBXBuildFile; fileRef = 8BCE29922BCBDD33007DDE0D /* NetworkError.swift */; };
		8BCE29972BCBF2F8007DDE0D /* NetworkService.swift in Sources */ = {isa = PBXBuildFile; fileRef = 8BCE29962BCBF2F8007DDE0D /* NetworkService.swift */; };
		8BCE299A2BCC0BC0007DDE0D /* ExchangeRateService.swift in Sources */ = {isa = PBXBuildFile; fileRef = 8BCE29992BCC0BC0007DDE0D /* ExchangeRateService.swift */; };
		8BCE299E2BCC26EE007DDE0D /* ActivityShowable.swift in Sources */ = {isa = PBXBuildFile; fileRef = 8BCE299D2BCC26EE007DDE0D /* ActivityShowable.swift */; };
		8BCE29A02BCC2718007DDE0D /* UIView+Activity.swift in Sources */ = {isa = PBXBuildFile; fileRef = 8BCE299F2BCC2718007DDE0D /* UIView+Activity.swift */; };
		8BCE29A32BCC2C6C007DDE0D /* Storable.swift in Sources */ = {isa = PBXBuildFile; fileRef = 8BCE29A22BCC2C6C007DDE0D /* Storable.swift */; };
		8BCE29A52BCC2C9B007DDE0D /* UDStorage.swift in Sources */ = {isa = PBXBuildFile; fileRef = 8BCE29A42BCC2C9A007DDE0D /* UDStorage.swift */; };
		8BCE29A82BCC2D5E007DDE0D /* ExchangeRateStorage.swift in Sources */ = {isa = PBXBuildFile; fileRef = 8BCE29A72BCC2D5E007DDE0D /* ExchangeRateStorage.swift */; };
		8BF90ADE2BCB07F5001C268A /* AppDelegate.swift in Sources */ = {isa = PBXBuildFile; fileRef = 8BF90ADD2BCB07F5001C268A /* AppDelegate.swift */; };
		8BF90AE82BCB07F5001C268A /* money_manager.xcdatamodeld in Sources */ = {isa = PBXBuildFile; fileRef = 8BF90AE62BCB07F5001C268A /* money_manager.xcdatamodeld */; };
		8BF90AEA2BCB07F7001C268A /* Assets.xcassets in Resources */ = {isa = PBXBuildFile; fileRef = 8BF90AE92BCB07F7001C268A /* Assets.xcassets */; };
		8BF90AED2BCB07F7001C268A /* LaunchScreen.storyboard in Resources */ = {isa = PBXBuildFile; fileRef = 8BF90AEB2BCB07F7001C268A /* LaunchScreen.storyboard */; };
/* End PBXBuildFile section */

/* Begin PBXFileReference section */
		8BCE296C2BCB15E6007DDE0D /* BaseViewController.swift */ = {isa = PBXFileReference; lastKnownFileType = sourcecode.swift; path = BaseViewController.swift; sourceTree = "<group>"; };
		8BCE29702BCB1729007DDE0D /* FlowCoordinator.swift */ = {isa = PBXFileReference; lastKnownFileType = sourcecode.swift; path = FlowCoordinator.swift; sourceTree = "<group>"; };
		8BCE29732BCBB9C3007DDE0D /* UIView+Keyboard.swift */ = {isa = PBXFileReference; lastKnownFileType = sourcecode.swift; path = "UIView+Keyboard.swift"; sourceTree = "<group>"; };
		8BCE29782BCBBBB6007DDE0D /* MainAssembly.swift */ = {isa = PBXFileReference; lastKnownFileType = sourcecode.swift; path = MainAssembly.swift; sourceTree = "<group>"; };
		8BCE297A2BCBBBC2007DDE0D /* MainPresenter.swift */ = {isa = PBXFileReference; lastKnownFileType = sourcecode.swift; path = MainPresenter.swift; sourceTree = "<group>"; };
		8BCE297C2BCBBBCF007DDE0D /* MainRouter.swift */ = {isa = PBXFileReference; lastKnownFileType = sourcecode.swift; path = MainRouter.swift; sourceTree = "<group>"; };
		8BCE297E2BCBBBEB007DDE0D /* MainViewController.swift */ = {isa = PBXFileReference; lastKnownFileType = sourcecode.swift; path = MainViewController.swift; sourceTree = "<group>"; };
		8BCE29802BCBBC2C007DDE0D /* MainViewModel.swift */ = {isa = PBXFileReference; lastKnownFileType = sourcecode.swift; path = MainViewModel.swift; sourceTree = "<group>"; };
		8BCE29822BCBBC3D007DDE0D /* MainViewModelFactory.swift */ = {isa = PBXFileReference; lastKnownFileType = sourcecode.swift; path = MainViewModelFactory.swift; sourceTree = "<group>"; };
		8BCE29882BCBDB0D007DDE0D /* Request.swift */ = {isa = PBXFileReference; lastKnownFileType = sourcecode.swift; path = Request.swift; sourceTree = "<group>"; };
		8BCE298A2BCBDB41007DDE0D /* HTTPMethod.swift */ = {isa = PBXFileReference; lastKnownFileType = sourcecode.swift; path = HTTPMethod.swift; sourceTree = "<group>"; };
		8BCE298C2BCBDC3D007DDE0D /* ExchangeRate.swift */ = {isa = PBXFileReference; lastKnownFileType = sourcecode.swift; path = ExchangeRate.swift; sourceTree = "<group>"; };
		8BCE298E2BCBDCC6007DDE0D /* Parser.swift */ = {isa = PBXFileReference; lastKnownFileType = sourcecode.swift; path = Parser.swift; sourceTree = "<group>"; };
		8BCE29902BCBDCF0007DDE0D /* JSONDecoder.swift */ = {isa = PBXFileReference; lastKnownFileType = sourcecode.swift; path = JSONDecoder.swift; sourceTree = "<group>"; };
		8BCE29922BCBDD33007DDE0D /* NetworkError.swift */ = {isa = PBXFileReference; lastKnownFileType = sourcecode.swift; path = NetworkError.swift; sourceTree = "<group>"; };
		8BCE29962BCBF2F8007DDE0D /* NetworkService.swift */ = {isa = PBXFileReference; lastKnownFileType = sourcecode.swift; path = NetworkService.swift; sourceTree = "<group>"; };
		8BCE29992BCC0BC0007DDE0D /* ExchangeRateService.swift */ = {isa = PBXFileReference; lastKnownFileType = sourcecode.swift; path = ExchangeRateService.swift; sourceTree = "<group>"; };
		8BCE299D2BCC26EE007DDE0D /* ActivityShowable.swift */ = {isa = PBXFileReference; lastKnownFileType = sourcecode.swift; path = ActivityShowable.swift; sourceTree = "<group>"; };
		8BCE299F2BCC2718007DDE0D /* UIView+Activity.swift */ = {isa = PBXFileReference; lastKnownFileType = sourcecode.swift; path = "UIView+Activity.swift"; sourceTree = "<group>"; };
		8BCE29A22BCC2C6C007DDE0D /* Storable.swift */ = {isa = PBXFileReference; lastKnownFileType = sourcecode.swift; path = Storable.swift; sourceTree = "<group>"; };
		8BCE29A42BCC2C9A007DDE0D /* UDStorage.swift */ = {isa = PBXFileReference; lastKnownFileType = sourcecode.swift; path = UDStorage.swift; sourceTree = "<group>"; };
		8BCE29A72BCC2D5E007DDE0D /* ExchangeRateStorage.swift */ = {isa = PBXFileReference; lastKnownFileType = sourcecode.swift; path = ExchangeRateStorage.swift; sourceTree = "<group>"; };
		8BF90ADA2BCB07F5001C268A /* money-manager.app */ = {isa = PBXFileReference; explicitFileType = wrapper.application; includeInIndex = 0; path = "money-manager.app"; sourceTree = BUILT_PRODUCTS_DIR; };
		8BF90ADD2BCB07F5001C268A /* AppDelegate.swift */ = {isa = PBXFileReference; lastKnownFileType = sourcecode.swift; path = AppDelegate.swift; sourceTree = "<group>"; };
		8BF90AE72BCB07F5001C268A /* money_manager.xcdatamodel */ = {isa = PBXFileReference; lastKnownFileType = wrapper.xcdatamodel; path = money_manager.xcdatamodel; sourceTree = "<group>"; };
		8BF90AE92BCB07F7001C268A /* Assets.xcassets */ = {isa = PBXFileReference; lastKnownFileType = folder.assetcatalog; path = Assets.xcassets; sourceTree = "<group>"; };
		8BF90AEC2BCB07F7001C268A /* Base */ = {isa = PBXFileReference; lastKnownFileType = file.storyboard; name = Base; path = Base.lproj/LaunchScreen.storyboard; sourceTree = "<group>"; };
		8BF90AEE2BCB07F7001C268A /* Info.plist */ = {isa = PBXFileReference; lastKnownFileType = text.plist.xml; path = Info.plist; sourceTree = "<group>"; };
/* End PBXFileReference section */

/* Begin PBXFrameworksBuildPhase section */
		8BF90AD72BCB07F5001C268A /* Frameworks */ = {
			isa = PBXFrameworksBuildPhase;
			buildActionMask = 2147483647;
			files = (
			);
			runOnlyForDeploymentPostprocessing = 0;
		};
/* End PBXFrameworksBuildPhase section */

/* Begin PBXGroup section */
		8BCE296A2BCB1580007DDE0D /* UI */ = {
			isa = PBXGroup;
			children = (
				8BCE299B2BCC26D2007DDE0D /* Common */,
				8BCE29752BCBBB73007DDE0D /* Main */,
				8BCE296B2BCB15A6007DDE0D /* Base */,
			);
			path = UI;
			sourceTree = "<group>";
		};
		8BCE296B2BCB15A6007DDE0D /* Base */ = {
			isa = PBXGroup;
			children = (
				8BCE296C2BCB15E6007DDE0D /* BaseViewController.swift */,
			);
			path = Base;
			sourceTree = "<group>";
		};
		8BCE296E2BCB1705007DDE0D /* Services */ = {
			isa = PBXGroup;
			children = (
				8BCE29A62BCC2D11007DDE0D /* ExchangeRateStorage */,
				8BCE29A12BCC2C5F007DDE0D /* Storage */,
				8BCE29982BCC0B44007DDE0D /* ExchangeRateService */,
				8BCE296F2BCB1724007DDE0D /* FlowCoordinator */,
			);
			path = Services;
			sourceTree = "<group>";
		};
		8BCE296F2BCB1724007DDE0D /* FlowCoordinator */ = {
			isa = PBXGroup;
			children = (
				8BCE29702BCB1729007DDE0D /* FlowCoordinator.swift */,
			);
			path = FlowCoordinator;
			sourceTree = "<group>";
		};
		8BCE29722BCBB97A007DDE0D /* Extensions */ = {
			isa = PBXGroup;
			children = (
				8BCE29732BCBB9C3007DDE0D /* UIView+Keyboard.swift */,
				8BCE29902BCBDCF0007DDE0D /* JSONDecoder.swift */,
				8BCE299F2BCC2718007DDE0D /* UIView+Activity.swift */,
			);
			path = Extensions;
			sourceTree = "<group>";
		};
		8BCE29752BCBBB73007DDE0D /* Main */ = {
			isa = PBXGroup;
			children = (
				8BCE29762BCBBB89007DDE0D /* Factories */,
				8BCE29772BCBBB92007DDE0D /* ViewModels */,
				8BCE29782BCBBBB6007DDE0D /* MainAssembly.swift */,
				8BCE297A2BCBBBC2007DDE0D /* MainPresenter.swift */,
				8BCE297C2BCBBBCF007DDE0D /* MainRouter.swift */,
				8BCE297E2BCBBBEB007DDE0D /* MainViewController.swift */,
			);
			path = Main;
			sourceTree = "<group>";
		};
		8BCE29762BCBBB89007DDE0D /* Factories */ = {
			isa = PBXGroup;
			children = (
				8BCE29822BCBBC3D007DDE0D /* MainViewModelFactory.swift */,
			);
			path = Factories;
			sourceTree = "<group>";
		};
		8BCE29772BCBBB92007DDE0D /* ViewModels */ = {
			isa = PBXGroup;
			children = (
				8BCE29802BCBBC2C007DDE0D /* MainViewModel.swift */,
			);
			path = ViewModels;
			sourceTree = "<group>";
		};
		8BCE29842BCBD9BA007DDE0D /* Network */ = {
			isa = PBXGroup;
			children = (
				8BCE29852BCBD9C6007DDE0D /* Models */,
				8BCE298E2BCBDCC6007DDE0D /* Parser.swift */,
				8BCE29922BCBDD33007DDE0D /* NetworkError.swift */,
				8BCE29962BCBF2F8007DDE0D /* NetworkService.swift */,
				8BCE29862BCBDAA6007DDE0D /* Request */,
			);
			path = Network;
			sourceTree = "<group>";
		};
		8BCE29852BCBD9C6007DDE0D /* Models */ = {
			isa = PBXGroup;
			children = (
				8BCE298C2BCBDC3D007DDE0D /* ExchangeRate.swift */,
			);
			path = Models;
			sourceTree = "<group>";
		};
		8BCE29862BCBDAA6007DDE0D /* Request */ = {
			isa = PBXGroup;
			children = (
				8BCE29882BCBDB0D007DDE0D /* Request.swift */,
				8BCE298A2BCBDB41007DDE0D /* HTTPMethod.swift */,
			);
			path = Request;
			sourceTree = "<group>";
		};
		8BCE29982BCC0B44007DDE0D /* ExchangeRateService */ = {
			isa = PBXGroup;
			children = (
				8BCE29992BCC0BC0007DDE0D /* ExchangeRateService.swift */,
			);
			path = ExchangeRateService;
			sourceTree = "<group>";
		};
		8BCE299B2BCC26D2007DDE0D /* Common */ = {
			isa = PBXGroup;
			children = (
				8BCE299C2BCC26E2007DDE0D /* Protocols */,
			);
			path = Common;
			sourceTree = "<group>";
		};
		8BCE299C2BCC26E2007DDE0D /* Protocols */ = {
			isa = PBXGroup;
			children = (
				8BCE299D2BCC26EE007DDE0D /* ActivityShowable.swift */,
			);
			path = Protocols;
			sourceTree = "<group>";
		};
		8BCE29A12BCC2C5F007DDE0D /* Storage */ = {
			isa = PBXGroup;
			children = (
				8BCE29A22BCC2C6C007DDE0D /* Storable.swift */,
				8BCE29A42BCC2C9A007DDE0D /* UDStorage.swift */,
			);
			path = Storage;
			sourceTree = "<group>";
		};
		8BCE29A62BCC2D11007DDE0D /* ExchangeRateStorage */ = {
			isa = PBXGroup;
			children = (
				8BCE29A72BCC2D5E007DDE0D /* ExchangeRateStorage.swift */,
			);
			path = ExchangeRateStorage;
			sourceTree = "<group>";
		};
		8BF90AD12BCB07F5001C268A = {
			isa = PBXGroup;
			children = (
				8BF90ADC2BCB07F5001C268A /* money-manager */,
				8BF90ADB2BCB07F5001C268A /* Products */,
			);
			sourceTree = "<group>";
		};
		8BF90ADB2BCB07F5001C268A /* Products */ = {
			isa = PBXGroup;
			children = (
				8BF90ADA2BCB07F5001C268A /* money-manager.app */,
			);
			name = Products;
			sourceTree = "<group>";
		};
		8BF90ADC2BCB07F5001C268A /* money-manager */ = {
			isa = PBXGroup;
			children = (
				8BCE29842BCBD9BA007DDE0D /* Network */,
				8BCE29722BCBB97A007DDE0D /* Extensions */,
				8BF90ADD2BCB07F5001C268A /* AppDelegate.swift */,
				8BCE296E2BCB1705007DDE0D /* Services */,
				8BCE296A2BCB1580007DDE0D /* UI */,
				8BF90AE92BCB07F7001C268A /* Assets.xcassets */,
				8BF90AEB2BCB07F7001C268A /* LaunchScreen.storyboard */,
				8BF90AEE2BCB07F7001C268A /* Info.plist */,
				8BF90AE62BCB07F5001C268A /* money_manager.xcdatamodeld */,
			);
			path = "money-manager";
			sourceTree = "<group>";
		};
/* End PBXGroup section */

/* Begin PBXNativeTarget section */
		8BF90AD92BCB07F5001C268A /* money-manager */ = {
			isa = PBXNativeTarget;
			buildConfigurationList = 8BF90AF12BCB07F7001C268A /* Build configuration list for PBXNativeTarget "money-manager" */;
			buildPhases = (
				8BCE29692BCB0CAF007DDE0D /* SwiftLint */,
				8BF90AD62BCB07F5001C268A /* Sources */,
				8BF90AD72BCB07F5001C268A /* Frameworks */,
				8BF90AD82BCB07F5001C268A /* Resources */,
			);
			buildRules = (
			);
			dependencies = (
			);
			name = "money-manager";
			productName = "money-manager";
			productReference = 8BF90ADA2BCB07F5001C268A /* money-manager.app */;
			productType = "com.apple.product-type.application";
		};
/* End PBXNativeTarget section */

/* Begin PBXProject section */
		8BF90AD22BCB07F5001C268A /* Project object */ = {
			isa = PBXProject;
			attributes = {
				BuildIndependentTargetsInParallel = 1;
				LastSwiftUpdateCheck = 1420;
				LastUpgradeCheck = 1420;
				TargetAttributes = {
					8BF90AD92BCB07F5001C268A = {
						CreatedOnToolsVersion = 14.2;
					};
				};
			};
			buildConfigurationList = 8BF90AD52BCB07F5001C268A /* Build configuration list for PBXProject "money-manager" */;
			compatibilityVersion = "Xcode 14.0";
			developmentRegion = en;
			hasScannedForEncodings = 0;
			knownRegions = (
				en,
				Base,
			);
			mainGroup = 8BF90AD12BCB07F5001C268A;
			productRefGroup = 8BF90ADB2BCB07F5001C268A /* Products */;
			projectDirPath = "";
			projectRoot = "";
			targets = (
				8BF90AD92BCB07F5001C268A /* money-manager */,
			);
		};
/* End PBXProject section */

/* Begin PBXResourcesBuildPhase section */
		8BF90AD82BCB07F5001C268A /* Resources */ = {
			isa = PBXResourcesBuildPhase;
			buildActionMask = 2147483647;
			files = (
				8BF90AED2BCB07F7001C268A /* LaunchScreen.storyboard in Resources */,
				8BF90AEA2BCB07F7001C268A /* Assets.xcassets in Resources */,
			);
			runOnlyForDeploymentPostprocessing = 0;
		};
/* End PBXResourcesBuildPhase section */

/* Begin PBXShellScriptBuildPhase section */
		8BCE29692BCB0CAF007DDE0D /* SwiftLint */ = {
			isa = PBXShellScriptBuildPhase;
			buildActionMask = 2147483647;
			files = (
			);
			inputFileListPaths = (
			);
			inputPaths = (
			);
			name = SwiftLint;
			outputFileListPaths = (
			);
			outputPaths = (
			);
			runOnlyForDeploymentPostprocessing = 0;
			shellPath = /bin/sh;
			shellScript = "if [[ \"$(uname -m)\" == arm64 ]]; then\n    export PATH=\"/opt/homebrew/bin:$PATH\"\nfi\n\nif which swiftlint > /dev/null; then\n  swiftlint\nelse\n  echo \"warning: SwiftLint not installed, download from https://github.com/realm/SwiftLint\"\nfi\n";
		};
/* End PBXShellScriptBuildPhase section */

/* Begin PBXSourcesBuildPhase section */
		8BF90AD62BCB07F5001C268A /* Sources */ = {
			isa = PBXSourcesBuildPhase;
			buildActionMask = 2147483647;
			files = (
				8BCE29712BCB1729007DDE0D /* FlowCoordinator.swift in Sources */,
				8BCE29A02BCC2718007DDE0D /* UIView+Activity.swift in Sources */,
				8BCE29912BCBDCF0007DDE0D /* JSONDecoder.swift in Sources */,
				8BCE29A52BCC2C9B007DDE0D /* UDStorage.swift in Sources */,
				8BCE29A32BCC2C6C007DDE0D /* Storable.swift in Sources */,
				8BCE298D2BCBDC3D007DDE0D /* ExchangeRate.swift in Sources */,
				8BCE29892BCBDB0D007DDE0D /* Request.swift in Sources */,
				8BCE298B2BCBDB41007DDE0D /* HTTPMethod.swift in Sources */,
				8BCE29A82BCC2D5E007DDE0D /* ExchangeRateStorage.swift in Sources */,
				8BCE298F2BCBDCC6007DDE0D /* Parser.swift in Sources */,
				8BF90AE82BCB07F5001C268A /* money_manager.xcdatamodeld in Sources */,
				8BCE299E2BCC26EE007DDE0D /* ActivityShowable.swift in Sources */,
				8BCE299A2BCC0BC0007DDE0D /* ExchangeRateService.swift in Sources */,
				8BCE29792BCBBBB6007DDE0D /* MainAssembly.swift in Sources */,
				8BCE297B2BCBBBC2007DDE0D /* MainPresenter.swift in Sources */,
				8BCE29972BCBF2F8007DDE0D /* NetworkService.swift in Sources */,
				8BCE296D2BCB15E6007DDE0D /* BaseViewController.swift in Sources */,
				8BCE29832BCBBC3D007DDE0D /* MainViewModelFactory.swift in Sources */,
				8BF90ADE2BCB07F5001C268A /* AppDelegate.swift in Sources */,
				8BCE29742BCBB9C3007DDE0D /* UIView+Keyboard.swift in Sources */,
				8BCE297D2BCBBBCF007DDE0D /* MainRouter.swift in Sources */,
				8BCE29932BCBDD33007DDE0D /* NetworkError.swift in Sources */,
				8BCE297F2BCBBBEB007DDE0D /* MainViewController.swift in Sources */,
				8BCE29812BCBBC2C007DDE0D /* MainViewModel.swift in Sources */,
			);
			runOnlyForDeploymentPostprocessing = 0;
		};
/* End PBXSourcesBuildPhase section */

/* Begin PBXVariantGroup section */
		8BF90AEB2BCB07F7001C268A /* LaunchScreen.storyboard */ = {
			isa = PBXVariantGroup;
			children = (
				8BF90AEC2BCB07F7001C268A /* Base */,
			);
			name = LaunchScreen.storyboard;
			sourceTree = "<group>";
		};
/* End PBXVariantGroup section */

/* Begin XCBuildConfiguration section */
		8BF90AEF2BCB07F7001C268A /* Debug */ = {
			isa = XCBuildConfiguration;
			buildSettings = {
				ALWAYS_SEARCH_USER_PATHS = NO;
				CLANG_ANALYZER_NONNULL = YES;
				CLANG_ANALYZER_NUMBER_OBJECT_CONVERSION = YES_AGGRESSIVE;
				CLANG_CXX_LANGUAGE_STANDARD = "gnu++20";
				CLANG_ENABLE_MODULES = YES;
				CLANG_ENABLE_OBJC_ARC = YES;
				CLANG_ENABLE_OBJC_WEAK = YES;
				CLANG_WARN_BLOCK_CAPTURE_AUTORELEASING = YES;
				CLANG_WARN_BOOL_CONVERSION = YES;
				CLANG_WARN_COMMA = YES;
				CLANG_WARN_CONSTANT_CONVERSION = YES;
				CLANG_WARN_DEPRECATED_OBJC_IMPLEMENTATIONS = YES;
				CLANG_WARN_DIRECT_OBJC_ISA_USAGE = YES_ERROR;
				CLANG_WARN_DOCUMENTATION_COMMENTS = YES;
				CLANG_WARN_EMPTY_BODY = YES;
				CLANG_WARN_ENUM_CONVERSION = YES;
				CLANG_WARN_INFINITE_RECURSION = YES;
				CLANG_WARN_INT_CONVERSION = YES;
				CLANG_WARN_NON_LITERAL_NULL_CONVERSION = YES;
				CLANG_WARN_OBJC_IMPLICIT_RETAIN_SELF = YES;
				CLANG_WARN_OBJC_LITERAL_CONVERSION = YES;
				CLANG_WARN_OBJC_ROOT_CLASS = YES_ERROR;
				CLANG_WARN_QUOTED_INCLUDE_IN_FRAMEWORK_HEADER = YES;
				CLANG_WARN_RANGE_LOOP_ANALYSIS = YES;
				CLANG_WARN_STRICT_PROTOTYPES = YES;
				CLANG_WARN_SUSPICIOUS_MOVE = YES;
				CLANG_WARN_UNGUARDED_AVAILABILITY = YES_AGGRESSIVE;
				CLANG_WARN_UNREACHABLE_CODE = YES;
				CLANG_WARN__DUPLICATE_METHOD_MATCH = YES;
				COPY_PHASE_STRIP = NO;
				DEBUG_INFORMATION_FORMAT = dwarf;
				ENABLE_STRICT_OBJC_MSGSEND = YES;
				ENABLE_TESTABILITY = YES;
				GCC_C_LANGUAGE_STANDARD = gnu11;
				GCC_DYNAMIC_NO_PIC = NO;
				GCC_NO_COMMON_BLOCKS = YES;
				GCC_OPTIMIZATION_LEVEL = 0;
				GCC_PREPROCESSOR_DEFINITIONS = (
					"DEBUG=1",
					"$(inherited)",
				);
				GCC_WARN_64_TO_32_BIT_CONVERSION = YES;
				GCC_WARN_ABOUT_RETURN_TYPE = YES_ERROR;
				GCC_WARN_UNDECLARED_SELECTOR = YES;
				GCC_WARN_UNINITIALIZED_AUTOS = YES_AGGRESSIVE;
				GCC_WARN_UNUSED_FUNCTION = YES;
				GCC_WARN_UNUSED_VARIABLE = YES;
				IPHONEOS_DEPLOYMENT_TARGET = 16.2;
				MTL_ENABLE_DEBUG_INFO = INCLUDE_SOURCE;
				MTL_FAST_MATH = YES;
				ONLY_ACTIVE_ARCH = YES;
				SDKROOT = iphoneos;
				SWIFT_ACTIVE_COMPILATION_CONDITIONS = DEBUG;
				SWIFT_OPTIMIZATION_LEVEL = "-Onone";
			};
			name = Debug;
		};
		8BF90AF02BCB07F7001C268A /* Release */ = {
			isa = XCBuildConfiguration;
			buildSettings = {
				ALWAYS_SEARCH_USER_PATHS = NO;
				CLANG_ANALYZER_NONNULL = YES;
				CLANG_ANALYZER_NUMBER_OBJECT_CONVERSION = YES_AGGRESSIVE;
				CLANG_CXX_LANGUAGE_STANDARD = "gnu++20";
				CLANG_ENABLE_MODULES = YES;
				CLANG_ENABLE_OBJC_ARC = YES;
				CLANG_ENABLE_OBJC_WEAK = YES;
				CLANG_WARN_BLOCK_CAPTURE_AUTORELEASING = YES;
				CLANG_WARN_BOOL_CONVERSION = YES;
				CLANG_WARN_COMMA = YES;
				CLANG_WARN_CONSTANT_CONVERSION = YES;
				CLANG_WARN_DEPRECATED_OBJC_IMPLEMENTATIONS = YES;
				CLANG_WARN_DIRECT_OBJC_ISA_USAGE = YES_ERROR;
				CLANG_WARN_DOCUMENTATION_COMMENTS = YES;
				CLANG_WARN_EMPTY_BODY = YES;
				CLANG_WARN_ENUM_CONVERSION = YES;
				CLANG_WARN_INFINITE_RECURSION = YES;
				CLANG_WARN_INT_CONVERSION = YES;
				CLANG_WARN_NON_LITERAL_NULL_CONVERSION = YES;
				CLANG_WARN_OBJC_IMPLICIT_RETAIN_SELF = YES;
				CLANG_WARN_OBJC_LITERAL_CONVERSION = YES;
				CLANG_WARN_OBJC_ROOT_CLASS = YES_ERROR;
				CLANG_WARN_QUOTED_INCLUDE_IN_FRAMEWORK_HEADER = YES;
				CLANG_WARN_RANGE_LOOP_ANALYSIS = YES;
				CLANG_WARN_STRICT_PROTOTYPES = YES;
				CLANG_WARN_SUSPICIOUS_MOVE = YES;
				CLANG_WARN_UNGUARDED_AVAILABILITY = YES_AGGRESSIVE;
				CLANG_WARN_UNREACHABLE_CODE = YES;
				CLANG_WARN__DUPLICATE_METHOD_MATCH = YES;
				COPY_PHASE_STRIP = NO;
				DEBUG_INFORMATION_FORMAT = "dwarf-with-dsym";
				ENABLE_NS_ASSERTIONS = NO;
				ENABLE_STRICT_OBJC_MSGSEND = YES;
				GCC_C_LANGUAGE_STANDARD = gnu11;
				GCC_NO_COMMON_BLOCKS = YES;
				GCC_WARN_64_TO_32_BIT_CONVERSION = YES;
				GCC_WARN_ABOUT_RETURN_TYPE = YES_ERROR;
				GCC_WARN_UNDECLARED_SELECTOR = YES;
				GCC_WARN_UNINITIALIZED_AUTOS = YES_AGGRESSIVE;
				GCC_WARN_UNUSED_FUNCTION = YES;
				GCC_WARN_UNUSED_VARIABLE = YES;
				IPHONEOS_DEPLOYMENT_TARGET = 16.2;
				MTL_ENABLE_DEBUG_INFO = NO;
				MTL_FAST_MATH = YES;
				SDKROOT = iphoneos;
				SWIFT_COMPILATION_MODE = wholemodule;
				SWIFT_OPTIMIZATION_LEVEL = "-O";
				VALIDATE_PRODUCT = YES;
			};
			name = Release;
		};
		8BF90AF22BCB07F7001C268A /* Debug */ = {
			isa = XCBuildConfiguration;
			buildSettings = {
				ASSETCATALOG_COMPILER_APPICON_NAME = AppIcon;
				ASSETCATALOG_COMPILER_GLOBAL_ACCENT_COLOR_NAME = AccentColor;
				CODE_SIGN_STYLE = Automatic;
				CURRENT_PROJECT_VERSION = 1;
				GENERATE_INFOPLIST_FILE = YES;
				INFOPLIST_FILE = "money-manager/Info.plist";
				INFOPLIST_KEY_UIApplicationSupportsIndirectInputEvents = YES;
				INFOPLIST_KEY_UILaunchStoryboardName = LaunchScreen;
				INFOPLIST_KEY_UISupportedInterfaceOrientations = UIInterfaceOrientationPortrait;
				INFOPLIST_KEY_UISupportedInterfaceOrientations_iPad = "UIInterfaceOrientationLandscapeLeft UIInterfaceOrientationLandscapeRight UIInterfaceOrientationPortrait UIInterfaceOrientationPortraitUpsideDown";
				LD_RUNPATH_SEARCH_PATHS = (
					"$(inherited)",
					"@executable_path/Frameworks",
				);
				MARKETING_VERSION = 1.0;
				PRODUCT_BUNDLE_IDENTIFIER = "melnyk.money-manager";
				PRODUCT_NAME = "$(TARGET_NAME)";
				SUPPORTED_PLATFORMS = "iphoneos iphonesimulator";
				SUPPORTS_MACCATALYST = NO;
				SUPPORTS_MAC_DESIGNED_FOR_IPHONE_IPAD = NO;
				SWIFT_EMIT_LOC_STRINGS = YES;
				SWIFT_VERSION = 5.0;
				TARGETED_DEVICE_FAMILY = 1;
			};
			name = Debug;
		};
		8BF90AF32BCB07F7001C268A /* Release */ = {
			isa = XCBuildConfiguration;
			buildSettings = {
				ASSETCATALOG_COMPILER_APPICON_NAME = AppIcon;
				ASSETCATALOG_COMPILER_GLOBAL_ACCENT_COLOR_NAME = AccentColor;
				CODE_SIGN_STYLE = Automatic;
				CURRENT_PROJECT_VERSION = 1;
				GENERATE_INFOPLIST_FILE = YES;
				INFOPLIST_FILE = "money-manager/Info.plist";
				INFOPLIST_KEY_UIApplicationSupportsIndirectInputEvents = YES;
				INFOPLIST_KEY_UILaunchStoryboardName = LaunchScreen;
				INFOPLIST_KEY_UISupportedInterfaceOrientations = UIInterfaceOrientationPortrait;
				INFOPLIST_KEY_UISupportedInterfaceOrientations_iPad = "UIInterfaceOrientationLandscapeLeft UIInterfaceOrientationLandscapeRight UIInterfaceOrientationPortrait UIInterfaceOrientationPortraitUpsideDown";
				LD_RUNPATH_SEARCH_PATHS = (
					"$(inherited)",
					"@executable_path/Frameworks",
				);
				MARKETING_VERSION = 1.0;
				PRODUCT_BUNDLE_IDENTIFIER = "melnyk.money-manager";
				PRODUCT_NAME = "$(TARGET_NAME)";
				SUPPORTED_PLATFORMS = "iphoneos iphonesimulator";
				SUPPORTS_MACCATALYST = NO;
				SUPPORTS_MAC_DESIGNED_FOR_IPHONE_IPAD = NO;
				SWIFT_EMIT_LOC_STRINGS = YES;
				SWIFT_VERSION = 5.0;
				TARGETED_DEVICE_FAMILY = 1;
			};
			name = Release;
		};
/* End XCBuildConfiguration section */

/* Begin XCConfigurationList section */
		8BF90AD52BCB07F5001C268A /* Build configuration list for PBXProject "money-manager" */ = {
			isa = XCConfigurationList;
			buildConfigurations = (
				8BF90AEF2BCB07F7001C268A /* Debug */,
				8BF90AF02BCB07F7001C268A /* Release */,
			);
			defaultConfigurationIsVisible = 0;
			defaultConfigurationName = Release;
		};
		8BF90AF12BCB07F7001C268A /* Build configuration list for PBXNativeTarget "money-manager" */ = {
			isa = XCConfigurationList;
			buildConfigurations = (
				8BF90AF22BCB07F7001C268A /* Debug */,
				8BF90AF32BCB07F7001C268A /* Release */,
			);
			defaultConfigurationIsVisible = 0;
			defaultConfigurationName = Release;
		};
/* End XCConfigurationList section */

/* Begin XCVersionGroup section */
		8BF90AE62BCB07F5001C268A /* money_manager.xcdatamodeld */ = {
			isa = XCVersionGroup;
			children = (
				8BF90AE72BCB07F5001C268A /* money_manager.xcdatamodel */,
			);
			currentVersion = 8BF90AE72BCB07F5001C268A /* money_manager.xcdatamodel */;
			path = money_manager.xcdatamodeld;
			sourceTree = "<group>";
			versionGroupType = wrapper.xcdatamodel;
		};
/* End XCVersionGroup section */
	};
	rootObject = 8BF90AD22BCB07F5001C268A /* Project object */;
}
